
Microsoft Visual Studio Solution File, Format Version 12.00
# Visual Studio Version 16
VisualStudioVersion = 16.0.30114.105
MinimumVisualStudioVersion = 10.0.40219.1
Project("{9A19103F-16F7-4668-BE54-9A1E7A4F7556}") = "LiteServer.Listener", "src\LiteServer.Listener\LiteServer.Listener.csproj", "{E8A16204-7623-4A96-A215-211BE0EB374D}"
EndProject
Project("{9A19103F-16F7-4668-BE54-9A1E7A4F7556}") = "LiteServer.Http", "src\LiteServer.Http\LiteServer.Http.csproj", "{E85A53C8-502B-46C7-9410-BA403C76ABE4}"
EndProject
Project("{2150E333-8FDC-42A3-9474-1A3956D46DE8}") = "Tests", "Tests", "{F018048A-FB70-406A-86BE-C47A52702A88}"
EndProject
Project("{9A19103F-16F7-4668-BE54-9A1E7A4F7556}") = "LiteServer.Http.Tests", "tests\LiteServer.Http.Tests\LiteServer.Http.Tests.csproj", "{C42DE563-34BB-4407-AE38-AF8F8F46E9E9}"
EndProject
Project("{9A19103F-16F7-4668-BE54-9A1E7A4F7556}") = "LiteServer.Listener.Tests", "tests\LiteServer.Listener.Tests\LiteServer.Listener.Tests.csproj", "{B5CF2006-4EA1-4257-A9B1-63975973E492}"
EndProject
Project("{FAE04EC0-301F-11D3-BF4B-00C04F79EFBC}") = "LiteServer", "src\LiteServer\LiteServer.csproj", "{BF4E1D09-F47C-46F3-B983-BBC3D4B95BE1}"
EndProject
Global
	GlobalSection(SolutionConfigurationPlatforms) = preSolution
		Debug|Any CPU = Debug|Any CPU
		Debug|x64 = Debug|x64
		Debug|x86 = Debug|x86
		Release|Any CPU = Release|Any CPU
		Release|x64 = Release|x64
		Release|x86 = Release|x86
	EndGlobalSection
	GlobalSection(ProjectConfigurationPlatforms) = postSolution
		{E8A16204-7623-4A96-A215-211BE0EB374D}.Debug|Any CPU.ActiveCfg = Debug|Any CPU
		{E8A16204-7623-4A96-A215-211BE0EB374D}.Debug|Any CPU.Build.0 = Debug|Any CPU
		{E8A16204-7623-4A96-A215-211BE0EB374D}.Debug|x64.ActiveCfg = Debug|Any CPU
		{E8A16204-7623-4A96-A215-211BE0EB374D}.Debug|x64.Build.0 = Debug|Any CPU
		{E8A16204-7623-4A96-A215-211BE0EB374D}.Debug|x86.ActiveCfg = Debug|Any CPU
		{E8A16204-7623-4A96-A215-211BE0EB374D}.Debug|x86.Build.0 = Debug|Any CPU
		{E8A16204-7623-4A96-A215-211BE0EB374D}.Release|Any CPU.ActiveCfg = Release|Any CPU
		{E8A16204-7623-4A96-A215-211BE0EB374D}.Release|Any CPU.Build.0 = Release|Any CPU
		{E8A16204-7623-4A96-A215-211BE0EB374D}.Release|x64.ActiveCfg = Release|Any CPU
		{E8A16204-7623-4A96-A215-211BE0EB374D}.Release|x64.Build.0 = Release|Any CPU
		{E8A16204-7623-4A96-A215-211BE0EB374D}.Release|x86.ActiveCfg = Release|Any CPU
		{E8A16204-7623-4A96-A215-211BE0EB374D}.Release|x86.Build.0 = Release|Any CPU
		{E85A53C8-502B-46C7-9410-BA403C76ABE4}.Debug|Any CPU.ActiveCfg = Debug|Any CPU
		{E85A53C8-502B-46C7-9410-BA403C76ABE4}.Debug|Any CPU.Build.0 = Debug|Any CPU
		{E85A53C8-502B-46C7-9410-BA403C76ABE4}.Debug|x64.ActiveCfg = Debug|Any CPU
		{E85A53C8-502B-46C7-9410-BA403C76ABE4}.Debug|x64.Build.0 = Debug|Any CPU
		{E85A53C8-502B-46C7-9410-BA403C76ABE4}.Debug|x86.ActiveCfg = Debug|Any CPU
		{E85A53C8-502B-46C7-9410-BA403C76ABE4}.Debug|x86.Build.0 = Debug|Any CPU
		{E85A53C8-502B-46C7-9410-BA403C76ABE4}.Release|Any CPU.ActiveCfg = Release|Any CPU
		{E85A53C8-502B-46C7-9410-BA403C76ABE4}.Release|Any CPU.Build.0 = Release|Any CPU
		{E85A53C8-502B-46C7-9410-BA403C76ABE4}.Release|x64.ActiveCfg = Release|Any CPU
		{E85A53C8-502B-46C7-9410-BA403C76ABE4}.Release|x64.Build.0 = Release|Any CPU
		{E85A53C8-502B-46C7-9410-BA403C76ABE4}.Release|x86.ActiveCfg = Release|Any CPU
		{E85A53C8-502B-46C7-9410-BA403C76ABE4}.Release|x86.Build.0 = Release|Any CPU
		{C42DE563-34BB-4407-AE38-AF8F8F46E9E9}.Debug|Any CPU.ActiveCfg = Debug|Any CPU
		{C42DE563-34BB-4407-AE38-AF8F8F46E9E9}.Debug|Any CPU.Build.0 = Debug|Any CPU
		{C42DE563-34BB-4407-AE38-AF8F8F46E9E9}.Debug|x64.ActiveCfg = Debug|Any CPU
		{C42DE563-34BB-4407-AE38-AF8F8F46E9E9}.Debug|x64.Build.0 = Debug|Any CPU
		{C42DE563-34BB-4407-AE38-AF8F8F46E9E9}.Debug|x86.ActiveCfg = Debug|Any CPU
		{C42DE563-34BB-4407-AE38-AF8F8F46E9E9}.Debug|x86.Build.0 = Debug|Any CPU
		{C42DE563-34BB-4407-AE38-AF8F8F46E9E9}.Release|Any CPU.ActiveCfg = Release|Any CPU
		{C42DE563-34BB-4407-AE38-AF8F8F46E9E9}.Release|Any CPU.Build.0 = Release|Any CPU
		{C42DE563-34BB-4407-AE38-AF8F8F46E9E9}.Release|x64.ActiveCfg = Release|Any CPU
		{C42DE563-34BB-4407-AE38-AF8F8F46E9E9}.Release|x64.Build.0 = Release|Any CPU
		{C42DE563-34BB-4407-AE38-AF8F8F46E9E9}.Release|x86.ActiveCfg = Release|Any CPU
		{C42DE563-34BB-4407-AE38-AF8F8F46E9E9}.Release|x86.Build.0 = Release|Any CPU
		{B5CF2006-4EA1-4257-A9B1-63975973E492}.Debug|Any CPU.ActiveCfg = Debug|Any CPU
		{B5CF2006-4EA1-4257-A9B1-63975973E492}.Debug|Any CPU.Build.0 = Debug|Any CPU
		{B5CF2006-4EA1-4257-A9B1-63975973E492}.Debug|x64.ActiveCfg = Debug|Any CPU
		{B5CF2006-4EA1-4257-A9B1-63975973E492}.Debug|x64.Build.0 = Debug|Any CPU
		{B5CF2006-4EA1-4257-A9B1-63975973E492}.Debug|x86.ActiveCfg = Debug|Any CPU
		{B5CF2006-4EA1-4257-A9B1-63975973E492}.Debug|x86.Build.0 = Debug|Any CPU
		{B5CF2006-4EA1-4257-A9B1-63975973E492}.Release|Any CPU.ActiveCfg = Release|Any CPU
		{B5CF2006-4EA1-4257-A9B1-63975973E492}.Release|Any CPU.Build.0 = Release|Any CPU
		{B5CF2006-4EA1-4257-A9B1-63975973E492}.Release|x64.ActiveCfg = Release|Any CPU
		{B5CF2006-4EA1-4257-A9B1-63975973E492}.Release|x64.Build.0 = Release|Any CPU
		{B5CF2006-4EA1-4257-A9B1-63975973E492}.Release|x86.ActiveCfg = Release|Any CPU
		{B5CF2006-4EA1-4257-A9B1-63975973E492}.Release|x86.Build.0 = Release|Any CPU
		{BF4E1D09-F47C-46F3-B983-BBC3D4B95BE1}.Debug|Any CPU.ActiveCfg = Debug|Any CPU
		{BF4E1D09-F47C-46F3-B983-BBC3D4B95BE1}.Debug|Any CPU.Build.0 = Debug|Any CPU
		{BF4E1D09-F47C-46F3-B983-BBC3D4B95BE1}.Debug|x64.ActiveCfg = Debug|Any CPU
		{BF4E1D09-F47C-46F3-B983-BBC3D4B95BE1}.Debug|x64.Build.0 = Debug|Any CPU
		{BF4E1D09-F47C-46F3-B983-BBC3D4B95BE1}.Debug|x86.ActiveCfg = Debug|Any CPU
		{BF4E1D09-F47C-46F3-B983-BBC3D4B95BE1}.Debug|x86.Build.0 = Debug|Any CPU
		{BF4E1D09-F47C-46F3-B983-BBC3D4B95BE1}.Release|Any CPU.ActiveCfg = Release|Any CPU
		{BF4E1D09-F47C-46F3-B983-BBC3D4B95BE1}.Release|Any CPU.Build.0 = Release|Any CPU
		{BF4E1D09-F47C-46F3-B983-BBC3D4B95BE1}.Release|x64.ActiveCfg = Release|Any CPU
		{BF4E1D09-F47C-46F3-B983-BBC3D4B95BE1}.Release|x64.Build.0 = Release|Any CPU
		{BF4E1D09-F47C-46F3-B983-BBC3D4B95BE1}.Release|x86.ActiveCfg = Release|Any CPU
		{BF4E1D09-F47C-46F3-B983-BBC3D4B95BE1}.Release|x86.Build.0 = Release|Any CPU
	EndGlobalSection
	GlobalSection(SolutionProperties) = preSolution
		HideSolutionNode = FALSE
	EndGlobalSection
	GlobalSection(NestedProjects) = preSolution
		{C42DE563-34BB-4407-AE38-AF8F8F46E9E9} = {F018048A-FB70-406A-86BE-C47A52702A88}
		{B5CF2006-4EA1-4257-A9B1-63975973E492} = {F018048A-FB70-406A-86BE-C47A52702A88}
	EndGlobalSection
	GlobalSection(ExtensibilityGlobals) = postSolution
		SolutionGuid = {093A76CF-3682-4585-AE6F-823FFF353EA1}
	EndGlobalSection
EndGlobal
